
Microsoft Visual Studio Solution File, Format Version 12.00
# Visual Studio Version 16
VisualStudioVersion = 16.0.29230.47
MinimumVisualStudioVersion = 10.0.40219.1
Project("{FAE04EC0-301F-11D3-BF4B-00C04F79EFBC}") = "Lab5A", "Lab5A\Lab5A.csproj", "{C5B3E700-F85E-4DE1-B839-2DFC7BB1CF64}"
EndProject
Project("{FAE04EC0-301F-11D3-BF4B-00C04F79EFBC}") = "Lab5B", "Lab5B\Lab5B.csproj", "{F93C7800-B684-4AB7-AB6D-EF3EAD72C0BC}"
EndProject
Project("{FAE04EC0-301F-11D3-BF4B-00C04F79EFBC}") = "stringTests", "stringTests\stringTests.csproj", "{FE282BF8-85CA-46EA-BA7F-799BCEFECF38}"
EndProject
Global
	GlobalSection(SolutionConfigurationPlatforms) = preSolution
		Debug|Any CPU = Debug|Any CPU
		Release|Any CPU = Release|Any CPU
	EndGlobalSection
	GlobalSection(ProjectConfigurationPlatforms) = postSolution
		{C5B3E700-F85E-4DE1-B839-2DFC7BB1CF64}.Debug|Any CPU.ActiveCfg = Debug|Any CPU
		{C5B3E700-F85E-4DE1-B839-2DFC7BB1CF64}.Debug|Any CPU.Build.0 = Debug|Any CPU
		{C5B3E700-F85E-4DE1-B839-2DFC7BB1CF64}.Release|Any CPU.ActiveCfg = Release|Any CPU
		{C5B3E700-F85E-4DE1-B839-2DFC7BB1CF64}.Release|Any CPU.Build.0 = Release|Any CPU
		{F93C7800-B684-4AB7-AB6D-EF3EAD72C0BC}.Debug|Any CPU.ActiveCfg = Debug|Any CPU
		{F93C7800-B684-4AB7-AB6D-EF3EAD72C0BC}.Debug|Any CPU.Build.0 = Debug|Any CPU
		{F93C7800-B684-4AB7-AB6D-EF3EAD72C0BC}.Release|Any CPU.ActiveCfg = Release|Any CPU
		{F93C7800-B684-4AB7-AB6D-EF3EAD72C0BC}.Release|Any CPU.Build.0 = Release|Any CPU
		{FE282BF8-85CA-46EA-BA7F-799BCEFECF38}.Debug|Any CPU.ActiveCfg = Debug|Any CPU
		{FE282BF8-85CA-46EA-BA7F-799BCEFECF38}.Debug|Any CPU.Build.0 = Debug|Any CPU
		{FE282BF8-85CA-46EA-BA7F-799BCEFECF38}.Release|Any CPU.ActiveCfg = Release|Any CPU
		{FE282BF8-85CA-46EA-BA7F-799BCEFECF38}.Release|Any CPU.Build.0 = Release|Any CPU
	EndGlobalSection
	GlobalSection(SolutionProperties) = preSolution
		HideSolutionNode = FALSE
	EndGlobalSection
	GlobalSection(ExtensibilityGlobals) = postSolution
		SolutionGuid = {6E24223B-20DF-4E83-BDCC-0A87DFF936AC}
	EndGlobalSection
EndGlobal
